Microsoft Visual Studio Solution File, Format Version 12.00
# Visual Studio 15
VisualStudioVersion = 15.0.26430.13
MinimumVisualStudioVersion = 15.0.26124.0
Project("{2150E333-8FDC-42A3-9474-1A3956D46DE8}") = "src", "src", "{ADF39F9C-A9ED-409A-B2F5-7E3E5F18E950}"
EndProject
Project("{FAE04EC0-301F-11D3-BF4B-00C04F79EFBC}") = "Phaka.Collections", "src\Phaka.Collections\Phaka.Collections.csproj", "{234D1FE5-D4F4-47E1-8E02-CC26315C5908}"
EndProject
Project("{2150E333-8FDC-42A3-9474-1A3956D46DE8}") = "test", "test", "{64DF42E3-6410-44BD-A351-30F0E6864481}"
EndProject
Project("{FAE04EC0-301F-11D3-BF4B-00C04F79EFBC}") = "Phaka.Collections.UnitTests", "test\Phaka.Collections.UnitTests\Phaka.Collections.UnitTests.csproj", "{20DF4F94-FD22-48EF-A21E-6A3283B9E6D4}"
EndProject
Global
	GlobalSection(SolutionConfigurationPlatforms) = preSolution
		Debug|Any CPU = Debug|Any CPU
		Debug|x64 = Debug|x64
		Debug|x86 = Debug|x86
		Release|Any CPU = Release|Any CPU
		Release|x64 = Release|x64
		Release|x86 = Release|x86
	EndGlobalSection
	GlobalSection(ProjectConfigurationPlatforms) = postSolution
		{234D1FE5-D4F4-47E1-8E02-CC26315C5908}.Debug|Any CPU.ActiveCfg = Debug|Any CPU
		{234D1FE5-D4F4-47E1-8E02-CC26315C5908}.Debug|Any CPU.Build.0 = Debug|Any CPU
		{234D1FE5-D4F4-47E1-8E02-CC26315C5908}.Debug|x64.ActiveCfg = Debug|Any CPU
		{234D1FE5-D4F4-47E1-8E02-CC26315C5908}.Debug|x64.Build.0 = Debug|Any CPU
		{234D1FE5-D4F4-47E1-8E02-CC26315C5908}.Debug|x86.ActiveCfg = Debug|Any CPU
		{234D1FE5-D4F4-47E1-8E02-CC26315C5908}.Debug|x86.Build.0 = Debug|Any CPU
		{234D1FE5-D4F4-47E1-8E02-CC26315C5908}.Release|Any CPU.ActiveCfg = Release|Any CPU
		{234D1FE5-D4F4-47E1-8E02-CC26315C5908}.Release|Any CPU.Build.0 = Release|Any CPU
		{234D1FE5-D4F4-47E1-8E02-CC26315C5908}.Release|x64.ActiveCfg = Release|Any CPU
		{234D1FE5-D4F4-47E1-8E02-CC26315C5908}.Release|x64.Build.0 = Release|Any CPU
		{234D1FE5-D4F4-47E1-8E02-CC26315C5908}.Release|x86.ActiveCfg = Release|Any CPU
		{234D1FE5-D4F4-47E1-8E02-CC26315C5908}.Release|x86.Build.0 = Release|Any CPU
		{20DF4F94-FD22-48EF-A21E-6A3283B9E6D4}.Debug|Any CPU.ActiveCfg = Debug|Any CPU
		{20DF4F94-FD22-48EF-A21E-6A3283B9E6D4}.Debug|Any CPU.Build.0 = Debug|Any CPU
		{20DF4F94-FD22-48EF-A21E-6A3283B9E6D4}.Debug|x64.ActiveCfg = Debug|Any CPU
		{20DF4F94-FD22-48EF-A21E-6A3283B9E6D4}.Debug|x64.Build.0 = Debug|Any CPU
		{20DF4F94-FD22-48EF-A21E-6A3283B9E6D4}.Debug|x86.ActiveCfg = Debug|Any CPU
		{20DF4F94-FD22-48EF-A21E-6A3283B9E6D4}.Debug|x86.Build.0 = Debug|Any CPU
		{20DF4F94-FD22-48EF-A21E-6A3283B9E6D4}.Release|Any CPU.ActiveCfg = Release|Any CPU
		{20DF4F94-FD22-48EF-A21E-6A3283B9E6D4}.Release|Any CPU.Build.0 = Release|Any CPU
		{20DF4F94-FD22-48EF-A21E-6A3283B9E6D4}.Release|x64.ActiveCfg = Release|Any CPU
		{20DF4F94-FD22-48EF-A21E-6A3283B9E6D4}.Release|x64.Build.0 = Release|Any CPU
		{20DF4F94-FD22-48EF-A21E-6A3283B9E6D4}.Release|x86.ActiveCfg = Release|Any CPU
		{20DF4F94-FD22-48EF-A21E-6A3283B9E6D4}.Release|x86.Build.0 = Release|Any CPU
	EndGlobalSection
	GlobalSection(SolutionProperties) = preSolution
		HideSolutionNode = FALSE
	EndGlobalSection
	GlobalSection(NestedProjects) = preSolution
		{234D1FE5-D4F4-47E1-8E02-CC26315C5908} = {ADF39F9C-A9ED-409A-B2F5-7E3E5F18E950}
		{20DF4F94-FD22-48EF-A21E-6A3283B9E6D4} = {64DF42E3-6410-44BD-A351-30F0E6864481}
	EndGlobalSection
EndGlobal
